
Microsoft Visual Studio Solution File, Format Version 12.00
# Visual Studio Version 17
VisualStudioVersion = 17.8.34330.188
MinimumVisualStudioVersion = 10.0.40219.1
Project("{FAE04EC0-301F-11D3-BF4B-00C04F79EFBC}") = "Enigma Explorer", "Enigma Explorer\Enigma Explorer.csproj", "{C07EFF9C-C2E8-46D3-9506-6F8ACB61CDBB}"
EndProject
Global
	GlobalSection(SolutionConfigurationPlatforms) = preSolution
		Debug|Any CPU = Debug|Any CPU
		Release|Any CPU = Release|Any CPU
	EndGlobalSection
	GlobalSection(ProjectConfigurationPlatforms) = postSolution
		{C07EFF9C-C2E8-46D3-9506-6F8ACB61CDBB}.Debug|Any CPU.ActiveCfg = Debug|Any CPU
		{C07EFF9C-C2E8-46D3-9506-6F8ACB61CDBB}.Debug|Any CPU.Build.0 = Debug|Any CPU
		{C07EFF9C-C2E8-46D3-9506-6F8ACB61CDBB}.Release|Any CPU.ActiveCfg = Release|Any CPU
		{C07EFF9C-C2E8-46D3-9506-6F8ACB61CDBB}.Release|Any CPU.Build.0 = Release|Any CPU
	EndGlobalSection
	GlobalSection(SolutionProperties) = preSolution
		HideSolutionNode = FALSE
	EndGlobalSection
	GlobalSection(ExtensibilityGlobals) = postSolution
		SolutionGuid = {BE8E8AB6-F97B-4111-82A0-8258EB8F5694}
	EndGlobalSection
EndGlobal
